
Microsoft Visual Studio Solution File, Format Version 12.00
# Visual Studio Version 17
VisualStudioVersion = 17.1.32328.378
MinimumVisualStudioVersion = 10.0.40219.1
Project("{9A19103F-16F7-4668-BE54-9A1E7A4F7556}") = "DexPlayer", "dex-player\DexPlayer.csproj", "{76B5E20B-C3A6-4C7B-87D2-3458538481DF}"
EndProject
Project("{9A19103F-16F7-4668-BE54-9A1E7A4F7556}") = "Yandex.Music.Api", "ymusic-api\Yandex.Music.Api\Yandex.Music.Api.csproj", "{3EE00C97-479A-48ED-BC33-523C896BDA06}"
EndProject
Project("{9A19103F-16F7-4668-BE54-9A1E7A4F7556}") = "DesktopKit", "desktop-kit\DesktopKit.csproj", "{F6E3AADE-00E4-4274-98BE-D9EA99B921D2}"
EndProject
Global
	GlobalSection(SolutionConfigurationPlatforms) = preSolution
		Debug|Any CPU = Debug|Any CPU
		Debug|arm64 = Debug|arm64
		Debug|x64 = Debug|x64
		Debug|x86 = Debug|x86
		Release|Any CPU = Release|Any CPU
		Release|arm64 = Release|arm64
		Release|x64 = Release|x64
		Release|x86 = Release|x86
	EndGlobalSection
	GlobalSection(ProjectConfigurationPlatforms) = postSolution
		{76B5E20B-C3A6-4C7B-87D2-3458538481DF}.Debug|Any CPU.ActiveCfg = Debug|x64
		{76B5E20B-C3A6-4C7B-87D2-3458538481DF}.Debug|Any CPU.Build.0 = Debug|x64
		{76B5E20B-C3A6-4C7B-87D2-3458538481DF}.Debug|Any CPU.Deploy.0 = Debug|x64
		{76B5E20B-C3A6-4C7B-87D2-3458538481DF}.Debug|arm64.ActiveCfg = Debug|arm64
		{76B5E20B-C3A6-4C7B-87D2-3458538481DF}.Debug|arm64.Build.0 = Debug|arm64
		{76B5E20B-C3A6-4C7B-87D2-3458538481DF}.Debug|arm64.Deploy.0 = Debug|arm64
		{76B5E20B-C3A6-4C7B-87D2-3458538481DF}.Debug|x64.ActiveCfg = Debug|x64
		{76B5E20B-C3A6-4C7B-87D2-3458538481DF}.Debug|x64.Build.0 = Debug|x64
		{76B5E20B-C3A6-4C7B-87D2-3458538481DF}.Debug|x64.Deploy.0 = Debug|x64
		{76B5E20B-C3A6-4C7B-87D2-3458538481DF}.Debug|x86.ActiveCfg = Debug|x86
		{76B5E20B-C3A6-4C7B-87D2-3458538481DF}.Debug|x86.Build.0 = Debug|x86
		{76B5E20B-C3A6-4C7B-87D2-3458538481DF}.Debug|x86.Deploy.0 = Debug|x86
		{76B5E20B-C3A6-4C7B-87D2-3458538481DF}.Release|Any CPU.ActiveCfg = Release|x64
		{76B5E20B-C3A6-4C7B-87D2-3458538481DF}.Release|Any CPU.Build.0 = Release|x64
		{76B5E20B-C3A6-4C7B-87D2-3458538481DF}.Release|Any CPU.Deploy.0 = Release|x64
		{76B5E20B-C3A6-4C7B-87D2-3458538481DF}.Release|arm64.ActiveCfg = Release|arm64
		{76B5E20B-C3A6-4C7B-87D2-3458538481DF}.Release|arm64.Build.0 = Release|arm64
		{76B5E20B-C3A6-4C7B-87D2-3458538481DF}.Release|arm64.Deploy.0 = Release|arm64
		{76B5E20B-C3A6-4C7B-87D2-3458538481DF}.Release|x64.ActiveCfg = Release|x64
		{76B5E20B-C3A6-4C7B-87D2-3458538481DF}.Release|x64.Build.0 = Release|x64
		{76B5E20B-C3A6-4C7B-87D2-3458538481DF}.Release|x64.Deploy.0 = Release|x64
		{76B5E20B-C3A6-4C7B-87D2-3458538481DF}.Release|x86.ActiveCfg = Release|x86
		{76B5E20B-C3A6-4C7B-87D2-3458538481DF}.Release|x86.Build.0 = Release|x86
		{76B5E20B-C3A6-4C7B-87D2-3458538481DF}.Release|x86.Deploy.0 = Release|x86
		{3EE00C97-479A-48ED-BC33-523C896BDA06}.Debug|Any CPU.ActiveCfg = Debug|Any CPU
		{3EE00C97-479A-48ED-BC33-523C896BDA06}.Debug|Any CPU.Build.0 = Debug|Any CPU
		{3EE00C97-479A-48ED-BC33-523C896BDA06}.Debug|arm64.ActiveCfg = Debug|Any CPU
		{3EE00C97-479A-48ED-BC33-523C896BDA06}.Debug|arm64.Build.0 = Debug|Any CPU
		{3EE00C97-479A-48ED-BC33-523C896BDA06}.Debug|x64.ActiveCfg = Debug|Any CPU
		{3EE00C97-479A-48ED-BC33-523C896BDA06}.Debug|x64.Build.0 = Debug|Any CPU
		{3EE00C97-479A-48ED-BC33-523C896BDA06}.Debug|x86.ActiveCfg = Debug|Any CPU
		{3EE00C97-479A-48ED-BC33-523C896BDA06}.Debug|x86.Build.0 = Debug|Any CPU
		{3EE00C97-479A-48ED-BC33-523C896BDA06}.Release|Any CPU.ActiveCfg = Release|Any CPU
		{3EE00C97-479A-48ED-BC33-523C896BDA06}.Release|Any CPU.Build.0 = Release|Any CPU
		{3EE00C97-479A-48ED-BC33-523C896BDA06}.Release|arm64.ActiveCfg = Release|Any CPU
		{3EE00C97-479A-48ED-BC33-523C896BDA06}.Release|arm64.Build.0 = Release|Any CPU
		{3EE00C97-479A-48ED-BC33-523C896BDA06}.Release|x64.ActiveCfg = Release|Any CPU
		{3EE00C97-479A-48ED-BC33-523C896BDA06}.Release|x64.Build.0 = Release|Any CPU
		{3EE00C97-479A-48ED-BC33-523C896BDA06}.Release|x86.ActiveCfg = Release|Any CPU
		{3EE00C97-479A-48ED-BC33-523C896BDA06}.Release|x86.Build.0 = Release|Any CPU
		{F6E3AADE-00E4-4274-98BE-D9EA99B921D2}.Debug|Any CPU.ActiveCfg = Debug|Any CPU
		{F6E3AADE-00E4-4274-98BE-D9EA99B921D2}.Debug|Any CPU.Build.0 = Debug|Any CPU
		{F6E3AADE-00E4-4274-98BE-D9EA99B921D2}.Debug|arm64.ActiveCfg = Debug|Any CPU
		{F6E3AADE-00E4-4274-98BE-D9EA99B921D2}.Debug|arm64.Build.0 = Debug|Any CPU
		{F6E3AADE-00E4-4274-98BE-D9EA99B921D2}.Debug|x64.ActiveCfg = Debug|Any CPU
		{F6E3AADE-00E4-4274-98BE-D9EA99B921D2}.Debug|x64.Build.0 = Debug|Any CPU
		{F6E3AADE-00E4-4274-98BE-D9EA99B921D2}.Debug|x86.ActiveCfg = Debug|Any CPU
		{F6E3AADE-00E4-4274-98BE-D9EA99B921D2}.Debug|x86.Build.0 = Debug|Any CPU
		{F6E3AADE-00E4-4274-98BE-D9EA99B921D2}.Release|Any CPU.ActiveCfg = Release|Any CPU
		{F6E3AADE-00E4-4274-98BE-D9EA99B921D2}.Release|Any CPU.Build.0 = Release|Any CPU
		{F6E3AADE-00E4-4274-98BE-D9EA99B921D2}.Release|arm64.ActiveCfg = Release|Any CPU
		{F6E3AADE-00E4-4274-98BE-D9EA99B921D2}.Release|arm64.Build.0 = Release|Any CPU
		{F6E3AADE-00E4-4274-98BE-D9EA99B921D2}.Release|x64.ActiveCfg = Release|Any CPU
		{F6E3AADE-00E4-4274-98BE-D9EA99B921D2}.Release|x64.Build.0 = Release|Any CPU
		{F6E3AADE-00E4-4274-98BE-D9EA99B921D2}.Release|x86.ActiveCfg = Release|Any CPU
		{F6E3AADE-00E4-4274-98BE-D9EA99B921D2}.Release|x86.Build.0 = Release|Any CPU
	EndGlobalSection
	GlobalSection(SolutionProperties) = preSolution
		HideSolutionNode = FALSE
	EndGlobalSection
	GlobalSection(ExtensibilityGlobals) = postSolution
		SolutionGuid = {E94CEB23-AD62-41E1-BBD6-DDFB85810FA3}
	EndGlobalSection
EndGlobal
